
Microsoft Visual Studio Solution File, Format Version 12.00
Project("{FAE04EC0-301F-11D3-BF4B-00C04F79EFBC}") = "Directory.API", "Directory.API\Directory.API.csproj", "{EC39A52A-20D2-4773-BD03-3DBD9DC56AF1}"
EndProject
Project("{FAE04EC0-301F-11D3-BF4B-00C04F79EFBC}") = "Directory.Domain", "Directory.Domain\Directory.Domain.csproj", "{707B7AF2-2766-4028-9F4F-729C581CCA39}"
EndProject
Project("{FAE04EC0-301F-11D3-BF4B-00C04F79EFBC}") = "Directory.Application", "Directory.Application\Directory.Application.csproj", "{302456A8-44CC-4A55-A8EE-7CDA7F6340CA}"
EndProject
Project("{FAE04EC0-301F-11D3-BF4B-00C04F79EFBC}") = "Directory.Infrastructure", "Directory.Infrastructure\Directory.Infrastructure.csproj", "{68485A5F-15D3-4EE4-AD6A-8A24B2862CCF}"
EndProject
Project("{2150E333-8FDC-42A3-9474-1A3956D46DE8}") = "Directory", "Directory", "{9DDD4892-D1A9-4D48-A7F6-2E46395B7950}"
EndProject
Project("{2150E333-8FDC-42A3-9474-1A3956D46DE8}") = "Reporting", "Reporting", "{D1766822-80EC-4A79-B394-2E234690B71A}"
EndProject
Project("{FAE04EC0-301F-11D3-BF4B-00C04F79EFBC}") = "Reporting.API", "Reporting.API\Reporting.API.csproj", "{BCB0C6F3-704B-427F-9068-EFBA297030BF}"
EndProject
Project("{FAE04EC0-301F-11D3-BF4B-00C04F79EFBC}") = "Reporting.Application", "Reporting.Application\Reporting.Application.csproj", "{AC0CFAEB-F438-4054-9AD2-3C0BCBB7BB6E}"
EndProject
Project("{FAE04EC0-301F-11D3-BF4B-00C04F79EFBC}") = "Reporting.Domain", "Reporting.Domain\Reporting.Domain.csproj", "{58374EB3-EF1D-467B-B1A3-F59351D59DAF}"
EndProject
Project("{FAE04EC0-301F-11D3-BF4B-00C04F79EFBC}") = "Reporting.Infrastructure", "Reporting.Infrastructure\Reporting.Infrastructure.csproj", "{3BA4FB7A-B60F-422A-B3E1-18BC3230B10D}"
EndProject
Global
	GlobalSection(SolutionConfigurationPlatforms) = preSolution
		Debug|Any CPU = Debug|Any CPU
		Release|Any CPU = Release|Any CPU
	EndGlobalSection
	GlobalSection(ProjectConfigurationPlatforms) = postSolution
		{EC39A52A-20D2-4773-BD03-3DBD9DC56AF1}.Debug|Any CPU.ActiveCfg = Debug|Any CPU
		{EC39A52A-20D2-4773-BD03-3DBD9DC56AF1}.Debug|Any CPU.Build.0 = Debug|Any CPU
		{EC39A52A-20D2-4773-BD03-3DBD9DC56AF1}.Release|Any CPU.ActiveCfg = Release|Any CPU
		{EC39A52A-20D2-4773-BD03-3DBD9DC56AF1}.Release|Any CPU.Build.0 = Release|Any CPU
		{707B7AF2-2766-4028-9F4F-729C581CCA39}.Debug|Any CPU.ActiveCfg = Debug|Any CPU
		{707B7AF2-2766-4028-9F4F-729C581CCA39}.Debug|Any CPU.Build.0 = Debug|Any CPU
		{707B7AF2-2766-4028-9F4F-729C581CCA39}.Release|Any CPU.ActiveCfg = Release|Any CPU
		{707B7AF2-2766-4028-9F4F-729C581CCA39}.Release|Any CPU.Build.0 = Release|Any CPU
		{302456A8-44CC-4A55-A8EE-7CDA7F6340CA}.Debug|Any CPU.ActiveCfg = Debug|Any CPU
		{302456A8-44CC-4A55-A8EE-7CDA7F6340CA}.Debug|Any CPU.Build.0 = Debug|Any CPU
		{302456A8-44CC-4A55-A8EE-7CDA7F6340CA}.Release|Any CPU.ActiveCfg = Release|Any CPU
		{302456A8-44CC-4A55-A8EE-7CDA7F6340CA}.Release|Any CPU.Build.0 = Release|Any CPU
		{68485A5F-15D3-4EE4-AD6A-8A24B2862CCF}.Debug|Any CPU.ActiveCfg = Debug|Any CPU
		{68485A5F-15D3-4EE4-AD6A-8A24B2862CCF}.Debug|Any CPU.Build.0 = Debug|Any CPU
		{68485A5F-15D3-4EE4-AD6A-8A24B2862CCF}.Release|Any CPU.ActiveCfg = Release|Any CPU
		{68485A5F-15D3-4EE4-AD6A-8A24B2862CCF}.Release|Any CPU.Build.0 = Release|Any CPU
		{BCB0C6F3-704B-427F-9068-EFBA297030BF}.Debug|Any CPU.ActiveCfg = Debug|Any CPU
		{BCB0C6F3-704B-427F-9068-EFBA297030BF}.Debug|Any CPU.Build.0 = Debug|Any CPU
		{BCB0C6F3-704B-427F-9068-EFBA297030BF}.Release|Any CPU.ActiveCfg = Release|Any CPU
		{BCB0C6F3-704B-427F-9068-EFBA297030BF}.Release|Any CPU.Build.0 = Release|Any CPU
		{AC0CFAEB-F438-4054-9AD2-3C0BCBB7BB6E}.Debug|Any CPU.ActiveCfg = Debug|Any CPU
		{AC0CFAEB-F438-4054-9AD2-3C0BCBB7BB6E}.Debug|Any CPU.Build.0 = Debug|Any CPU
		{AC0CFAEB-F438-4054-9AD2-3C0BCBB7BB6E}.Release|Any CPU.ActiveCfg = Release|Any CPU
		{AC0CFAEB-F438-4054-9AD2-3C0BCBB7BB6E}.Release|Any CPU.Build.0 = Release|Any CPU
		{58374EB3-EF1D-467B-B1A3-F59351D59DAF}.Debug|Any CPU.ActiveCfg = Debug|Any CPU
		{58374EB3-EF1D-467B-B1A3-F59351D59DAF}.Debug|Any CPU.Build.0 = Debug|Any CPU
		{58374EB3-EF1D-467B-B1A3-F59351D59DAF}.Release|Any CPU.ActiveCfg = Release|Any CPU
		{58374EB3-EF1D-467B-B1A3-F59351D59DAF}.Release|Any CPU.Build.0 = Release|Any CPU
		{3BA4FB7A-B60F-422A-B3E1-18BC3230B10D}.Debug|Any CPU.ActiveCfg = Debug|Any CPU
		{3BA4FB7A-B60F-422A-B3E1-18BC3230B10D}.Debug|Any CPU.Build.0 = Debug|Any CPU
		{3BA4FB7A-B60F-422A-B3E1-18BC3230B10D}.Release|Any CPU.ActiveCfg = Release|Any CPU
		{3BA4FB7A-B60F-422A-B3E1-18BC3230B10D}.Release|Any CPU.Build.0 = Release|Any CPU
	EndGlobalSection
	GlobalSection(NestedProjects) = preSolution
		{EC39A52A-20D2-4773-BD03-3DBD9DC56AF1} = {9DDD4892-D1A9-4D48-A7F6-2E46395B7950}
		{302456A8-44CC-4A55-A8EE-7CDA7F6340CA} = {9DDD4892-D1A9-4D48-A7F6-2E46395B7950}
		{707B7AF2-2766-4028-9F4F-729C581CCA39} = {9DDD4892-D1A9-4D48-A7F6-2E46395B7950}
		{68485A5F-15D3-4EE4-AD6A-8A24B2862CCF} = {9DDD4892-D1A9-4D48-A7F6-2E46395B7950}
		{BCB0C6F3-704B-427F-9068-EFBA297030BF} = {D1766822-80EC-4A79-B394-2E234690B71A}
		{AC0CFAEB-F438-4054-9AD2-3C0BCBB7BB6E} = {D1766822-80EC-4A79-B394-2E234690B71A}
		{58374EB3-EF1D-467B-B1A3-F59351D59DAF} = {D1766822-80EC-4A79-B394-2E234690B71A}
		{3BA4FB7A-B60F-422A-B3E1-18BC3230B10D} = {D1766822-80EC-4A79-B394-2E234690B71A}
	EndGlobalSection
EndGlobal
